# THIS IS AN AUTOGENERATED FILE. DO NOT EDIT THIS FILE DIRECTLY.
# yarn lockfile v1


sangoon_is_math@^0.0.2-a:
  version "0.0.2-a"
  resolved "https://registry.yarnpkg.com/sangoon_is_math/-/sangoon_is_math-0.0.2-a.tgz#e2fa6d8d291e37092aa4a59c30711d94c8c1f44a"
  integrity sha512-uuyW+L1JiIGH72EGx4AELBZwXFcvjeEdb5IvLFijNz7yCdfE7MgpJGFAz4o71C2NCSQXiGErN2lY0Bgka7ITGA==
